# THIS IS AN AUTOGENERATED FILE. DO NOT EDIT THIS FILE DIRECTLY.
# yarn lockfile v1
async@^2.1.1:
  version "2.1.1"
  resolved "https://registry.yarnpkg.com/async/-/async-2.1.1.tgz#e11b6d10043f2254efb61a21163d840ccddb8d28"
  dependencies:
    lodash "^4.14.0"

coffee-script@^1.11.1:
  version "1.11.1"
  resolved "https://registry.yarnpkg.com/coffee-script/-/coffee-script-1.11.1.tgz#bf1c47ad64443a0d95d12df2b147cc0a4daad6e9"

colors@^1.1.2:
  version "1.1.2"
  resolved "https://registry.yarnpkg.com/colors/-/colors-1.1.2.tgz#168a4701756b6a7f51a12ce0c97bfa28c084ed63"

commander@^2.9.0:
  version "2.9.0"
  resolved "https://registry.yarnpkg.com/commander/-/commander-2.9.0.tgz#9c99094176e12240cb22d6c5146098400fe0f7d4"
  dependencies:
    graceful-readlink ">= 1.0.0"

core-util-is@~1.0.0:
  version "1.0.2"
  resolved "https://registry.yarnpkg.com/core-util-is/-/core-util-is-1.0.2.tgz#b5fd54220aa2bc5ab57aab7140c940754503c1a7"

debug@^2.2.0:
  version "2.2.0"
  resolved "https://registry.yarnpkg.com/debug/-/debug-2.2.0.tgz#f87057e995b1a1f6ae6a4960664137bc56f039da"
  dependencies:
    ms "0.7.1"

debug@~0.7.4:
  version "0.7.4"
  resolved "https://registry.yarnpkg.com/debug/-/debug-0.7.4.tgz#06e1ea8082c2cb14e39806e22e2f6f757f92af39"

docker-modem@0.3.x:
  version "0.3.1"
  resolved "https://registry.yarnpkg.com/docker-modem/-/docker-modem-0.3.1.tgz#43ac44bd14ff503c6fcb5d6620390dbd4a0691c6"
  dependencies:
    debug "~0.7.4"
    follow-redirects "0.0.3"
    JSONStream "0.10.0"
    readable-stream "~1.0.26-4"
    split-ca "^1.0.0"

dockerode:
  version "2.3.1"
  resolved "https://registry.yarnpkg.com/dockerode/-/dockerode-2.3.1.tgz#e58213d9db0c34c6093bb7a3ad621ea7ef02ad5e"
  dependencies:
    docker-modem "0.3.x"

follow-redirects@0.0.3:
  version "0.0.3"
  resolved "https://registry.yarnpkg.com/follow-redirects/-/follow-redirects-0.0.3.tgz#6ce67a24db1fe13f226c1171a72a7ef2b17b8f65"
  dependencies:
    underscore ""

"graceful-readlink@>= 1.0.0":
  version "1.0.1"
  resolved "https://registry.yarnpkg.com/graceful-readlink/-/graceful-readlink-1.0.1.tgz#4cafad76bc62f02fa039b2f94e9a3dd3a391a725"

inherits@~2.0.1:
  version "2.0.3"
  resolved "https://registry.yarnpkg.com/inherits/-/inherits-2.0.3.tgz#633c2c83e3da42a502f52466022480f4208261de"

isarray@0.0.1:
  version "0.0.1"
  resolved "https://registry.yarnpkg.com/isarray/-/isarray-0.0.1.tgz#8a18acfca9a8f4177e09abfc6038939b05d1eedf"

jsonparse@0.0.5:
  version "0.0.5"
  resolved "https://registry.yarnpkg.com/jsonparse/-/jsonparse-0.0.5.tgz#330542ad3f0a654665b778f3eb2d9a9fa507ac64"

JSONStream@0.10.0:
  version "0.10.0"
  resolved "https://registry.yarnpkg.com/JSONStream/-/JSONStream-0.10.0.tgz#74349d0d89522b71f30f0a03ff9bd20ca6f12ac0"
  dependencies:
    jsonparse "0.0.5"
    through ">=2.2.7 <3"

lodash@^4.14.0, lodash@^4.16.4:
  version "4.16.4"
  resolved "https://registry.yarnpkg.com/lodash/-/lodash-4.16.4.tgz#01ce306b9bad1319f2a5528674f88297aeb70127"

ms@0.7.1:
  version "0.7.1"
  resolved "https://registry.yarnpkg.com/ms/-/ms-0.7.1.tgz#9cd13c03adbff25b65effde7ce864ee952017098"

prettysize:
  version "0.0.3"
  resolved "https://registry.yarnpkg.com/prettysize/-/prettysize-0.0.3.tgz#14afff6a645e591a4ddf1c72919c23b4146181a1"

readable-stream@~1.0.26-4:
  version "1.0.34"
  resolved "https://registry.yarnpkg.com/readable-stream/-/readable-stream-1.0.34.tgz#125820e34bc842d2f2aaafafe4c2916ee32c157c"
  dependencies:
    core-util-is "~1.0.0"
    inherits "~2.0.1"
    isarray "0.0.1"
    string_decoder "~0.10.x"

split-ca@^1.0.0:
  version "1.0.1"
  resolved "https://registry.yarnpkg.com/split-ca/-/split-ca-1.0.1.tgz#6c83aff3692fa61256e0cd197e05e9de157691a6"

string_decoder@~0.10.x:
  version "0.10.31"
  resolved "https://registry.yarnpkg.com/string_decoder/-/string_decoder-0.10.31.tgz#62e203bc41766c6c28c9fc84301dab1c5310fa94"

"through@>=2.2.7 <3":
  version "2.3.8"
  resolved "https://registry.yarnpkg.com/through/-/through-2.3.8.tgz#0dd4c9ffaabc357960b1b724115d7e0e86a2e1f5"

underscore@:
  version "1.8.3"
  resolved "https://registry.yarnpkg.com/underscore/-/underscore-1.8.3.tgz#4f3fb53b106e6097fcf9cb4109f2a5e9bdfa5022"

